{
  "version": 4,
  "terraform_version": "1.14.0",
  "serial": 7,
  "lineage": "e681fa5e-2153-964e-b1f0-889ee72f7ab9",
  "outputs": {
    "my_ip": {
      "value": "1.243.240.132/32",
      "type": "string"
    }
  },
  "resources": [
    {
      "mode": "data",
      "type": "aws_ami",
      "name": "deep_learning",
      "provider": "provider[\"registry.terraform.io/hashicorp/aws\"]",
      "instances": [
        {
          "schema_version": 0,
          "attributes": {
            "architecture": "x86_64",
            "arn": "arn:aws:ec2:us-east-1::image/ami-0f670b5aa9dde5d62",
            "block_device_mappings": [
              {
                "device_name": "/dev/sda1",
                "ebs": {
                  "delete_on_termination": "true",
                  "encrypted": "false",
                  "iops": "3000",
                  "snapshot_id": "snap-0335c3d927340fed6",
                  "throughput": "125",
                  "volume_initialization_rate": "0",
                  "volume_size": "75",
                  "volume_type": "gp3"
                },
                "no_device": "",
                "virtual_name": ""
              },
              {
                "device_name": "/dev/sdb",
                "ebs": {},
                "no_device": "",
                "virtual_name": "ephemeral0"
              },
              {
                "device_name": "/dev/sdc",
                "ebs": {},
                "no_device": "",
                "virtual_name": "ephemeral1"
              }
            ],
            "boot_mode": "uefi-preferred",
            "creation_date": "2026-01-13T15:25:16.000Z",
            "deprecation_time": "2028-01-13T15:25:16.000Z",
            "description": "Supported EC2 instances: G4dn, G5, G6, Gr6, G6e, P4d, P4de, P5, P5e, P5en, P6-B200, P6-B300. Release notes: https://aws.amazon.com/releasenotes/aws-deep-learning-base-gpu-ami-ubuntu-22-04/",
            "ena_support": true,
            "executable_users": null,
            "filter": [
              {
                "name": "name",
                "values": [
                  "Deep Learning Base OSS Nvidia Driver GPU AMI (Ubuntu 22.04)*"
                ]
              },
              {
                "name": "virtualization-type",
                "values": [
                  "hvm"
                ]
              }
            ],
            "hypervisor": "xen",
            "id": "ami-0f670b5aa9dde5d62",
            "image_id": "ami-0f670b5aa9dde5d62",
            "image_location": "amazon/Deep Learning Base OSS Nvidia Driver GPU AMI (Ubuntu 22.04) 20260113",
            "image_owner_alias": "amazon",
            "image_type": "machine",
            "imds_support": "",
            "include_deprecated": false,
            "kernel_id": "",
            "last_launched_time": "",
            "most_recent": true,
            "name": "Deep Learning Base OSS Nvidia Driver GPU AMI (Ubuntu 22.04) 20260113",
            "name_regex": null,
            "owner_id": "898082745236",
            "owners": [
              "amazon"
            ],
            "platform": "",
            "platform_details": "Linux/UNIX",
            "product_codes": [],
            "public": true,
            "ramdisk_id": "",
            "root_device_name": "/dev/sda1",
            "root_device_type": "ebs",
            "root_snapshot_id": "snap-0335c3d927340fed6",
            "sriov_net_support": "simple",
            "state": "available",
            "state_reason": {
              "code": "UNSET",
              "message": "UNSET"
            },
            "tags": {},
            "timeouts": null,
            "tpm_support": "",
            "uefi_data": null,
            "usage_operation": "RunInstances",
            "virtualization_type": "hvm"
          },
          "sensitive_attributes": [],
          "identity_schema_version": 0
        }
      ]
    },
    {
      "mode": "data",
      "type": "aws_vpc",
      "name": "default",
      "provider": "provider[\"registry.terraform.io/hashicorp/aws\"]",
      "instances": [
        {
          "schema_version": 0,
          "attributes": {
            "arn": "arn:aws:ec2:us-east-1:438465145630:vpc/vpc-0418c2ce46b103689",
            "cidr_block": "172.31.0.0/16",
            "cidr_block_associations": [
              {
                "association_id": "vpc-cidr-assoc-005f43a5090de2dbd",
                "cidr_block": "172.31.0.0/16",
                "state": "associated"
              }
            ],
            "default": true,
            "dhcp_options_id": "dopt-06cf614a3a97070c3",
            "enable_dns_hostnames": true,
            "enable_dns_support": true,
            "enable_network_address_usage_metrics": false,
            "filter": null,
            "id": "vpc-0418c2ce46b103689",
            "instance_tenancy": "default",
            "ipv6_association_id": "",
            "ipv6_cidr_block": "",
            "main_route_table_id": "rtb-016b51fd15645f44f",
            "owner_id": "438465145630",
            "state": null,
            "tags": {},
            "timeouts": null
          },
          "sensitive_attributes": [],
          "identity_schema_version": 0
        }
      ]
    },
    {
      "mode": "data",
      "type": "http",
      "name": "my_ip",
      "provider": "provider[\"registry.terraform.io/hashicorp/http\"]",
      "instances": [
        {
          "schema_version": 0,
          "attributes": {
            "body": "1.243.240.132",
            "ca_cert_pem": null,
            "client_cert_pem": null,
            "client_key_pem": null,
            "id": "https://ifconfig.me/ip",
            "insecure": null,
            "method": null,
            "request_body": null,
            "request_headers": null,
            "request_timeout_ms": null,
            "response_body": "1.243.240.132",
            "response_body_base64": "MS4yNDMuMjQwLjEzMg==",
            "response_headers": {
              "Access-Control-Allow-Origin": "*",
              "Alt-Svc": "h3=\":443\"; ma=2592000,h3-29=\":443\"; ma=2592000",
              "Content-Length": "13",
              "Content-Type": "text/plain",
              "Date": "Sun, 18 Jan 2026 13:58:30 GMT",
              "Via": "1.1 google"
            },
            "retry": null,
            "status_code": 200,
            "url": "https://ifconfig.me/ip"
          },
          "sensitive_attributes": [],
          "identity_schema_version": 0
        }
      ]
    },
    {
      "mode": "managed",
      "type": "aws_iam_instance_profile",
      "name": "xtts_training",
      "provider": "provider[\"registry.terraform.io/hashicorp/aws\"]",
      "instances": [
        {
          "schema_version": 0,
          "attributes": {
            "arn": "arn:aws:iam::438465145630:instance-profile/xtts-training-profile",
            "create_date": "2026-01-18T13:58:45Z",
            "id": "xtts-training-profile",
            "name": "xtts-training-profile",
            "name_prefix": "",
            "path": "/",
            "role": "xtts-training-role",
            "tags": null,
            "tags_all": {},
            "unique_id": "AIPAWMFUPFMPBGN55ZBR2"
          },
          "sensitive_attributes": [],
          "identity_schema_version": 0,
          "private": "bnVsbA==",
          "dependencies": [
            "aws_iam_role.xtts_training"
          ]
        }
      ]
    },
    {
      "mode": "managed",
      "type": "aws_iam_role",
      "name": "xtts_training",
      "provider": "provider[\"registry.terraform.io/hashicorp/aws\"]",
      "instances": [
        {
          "schema_version": 0,
          "attributes": {
            "arn": "arn:aws:iam::438465145630:role/xtts-training-role",
            "assume_role_policy": "{\"Statement\":[{\"Action\":\"sts:AssumeRole\",\"Effect\":\"Allow\",\"Principal\":{\"Service\":\"ec2.amazonaws.com\"}}],\"Version\":\"2012-10-17\"}",
            "create_date": "2026-01-18T13:58:44Z",
            "description": "",
            "force_detach_policies": false,
            "id": "xtts-training-role",
            "inline_policy": [],
            "managed_policy_arns": [],
            "max_session_duration": 3600,
            "name": "xtts-training-role",
            "name_prefix": "",
            "path": "/",
            "permissions_boundary": "",
            "tags": null,
            "tags_all": {},
            "unique_id": "AROAWMFUPFMPCZQK6XZX3"
          },
          "sensitive_attributes": [],
          "identity_schema_version": 0,
          "private": "bnVsbA=="
        }
      ]
    },
    {
      "mode": "managed",
      "type": "aws_iam_role_policy",
      "name": "s3_access",
      "provider": "provider[\"registry.terraform.io/hashicorp/aws\"]",
      "instances": [
        {
          "schema_version": 0,
          "attributes": {
            "id": "xtts-training-role:s3-access",
            "name": "s3-access",
            "name_prefix": "",
            "policy": "{\"Version\":\"2012-10-17\",\"Statement\":[{\"Action\":[\"s3:GetObject\",\"s3:PutObject\",\"s3:ListBucket\"],\"Effect\":\"Allow\",\"Resource\":[\"arn:aws:s3:::voice-training-new\",\"arn:aws:s3:::voice-training-new/*\"]}]}",
            "role": "xtts-training-role"
          },
          "sensitive_attributes": [],
          "identity_schema_version": 0,
          "private": "bnVsbA==",
          "dependencies": [
            "aws_iam_role.xtts_training"
          ]
        }
      ]
    },
    {
      "mode": "managed",
      "type": "aws_key_pair",
      "name": "xtts_training",
      "provider": "provider[\"registry.terraform.io/hashicorp/aws\"]",
      "instances": [
        {
          "schema_version": 1,
          "attributes": {
            "arn": "arn:aws:ec2:us-east-1:438465145630:key-pair/xtts-training-key",
            "fingerprint": "41:1d:47:c2:17:9d:25:5b:fd:ad:ff:38:05:58:42:fe",
            "id": "xtts-training-key",
            "key_name": "xtts-training-key",
            "key_name_prefix": "",
            "key_pair_id": "key-012991bf288f6dace",
            "key_type": "rsa",
            "public_key": "ssh-rsa AAAAB3NzaC1yc2EAAAADAQABAAACAQCsJgdJJYPFRr+cbN7JEFNG1/ATdKCFFwhzZgZSiwN8JsilVc20Ziv3nmpaVHDylOtZIgHjDyt0ErmrfYdGXeGeGUJbVWGnjJQftjB/B/LBwwizT/MdaCTbyeIhrZ5mWzZmsJ0gwsREUa2aEhdAb9H2W0Y6cSBAw8Szxwm2eLx1cpXFOzT2JYrZ5+reaAZ95nwiX/eelpIPlwqT8VdfnB5rdSGjE35JwMFwbCLzQme7cCAoC3114C+5PKJ1IHxn31mqaQd7aCzLY4rCOM5WlRsG18BWwk3wtjTthC4Vumw+vkwKdfX2hHYYU5FighvwRibcGcLLkgj8LWByqfur0NCbeYnfXZdr0k4Cu5298ljy8xr13xXa09Lcf9W7cnqDz30Ww8MWOO2YS3dKfw6VC7JkITkz7OiTnAIKJzI7cYW66goJ43du1EZD/ci/CNxbdBMA7FICCTenswuIGgekqqVMyrzJ+I/H07tFFDvmDaJ/O5G6N0WCbldoB/G0xslwQ8yB3fPXEmIjNS3ZPRFnzeP2ZwtLomiwGYn8YCz/rKKA2MkenpTne8Hl17JsU4eOWKLCnsUlKpYCU7CjO5l9Ic/zKy8WUrT1pb6WCbOmdMx+1EA/9vsk915gBNGpx6cCHpVH/wp+BG7jVLRk6WiKZtptANUCUe/HJtZwnaTxgmhaBQ== root@Ki",
            "tags": null,
            "tags_all": {}
          },
          "sensitive_attributes": [],
          "identity_schema_version": 0,
          "private": "eyJzY2hlbWFfdmVyc2lvbiI6IjEifQ=="
        }
      ]
    },
    {
      "mode": "managed",
      "type": "aws_security_group",
      "name": "xtts_training",
      "provider": "provider[\"registry.terraform.io/hashicorp/aws\"]",
      "instances": [
        {
          "schema_version": 1,
          "attributes": {
            "arn": "arn:aws:ec2:us-east-1:438465145630:security-group/sg-0e1e17ba9de5bdc7e",
            "description": "Security group for XTTS training instance",
            "egress": [
              {
                "cidr_blocks": [
                  "0.0.0.0/0"
                ],
                "description": "",
                "from_port": 0,
                "ipv6_cidr_blocks": [],
                "prefix_list_ids": [],
                "protocol": "-1",
                "security_groups": [],
                "self": false,
                "to_port": 0
              }
            ],
            "id": "sg-0e1e17ba9de5bdc7e",
            "ingress": [
              {
                "cidr_blocks": [
                  "1.243.240.132/32"
                ],
                "description": "SSH from my IP",
                "from_port": 22,
                "ipv6_cidr_blocks": [],
                "prefix_list_ids": [],
                "protocol": "tcp",
                "security_groups": [],
                "self": false,
                "to_port": 22
              }
            ],
            "name": "xtts-training-sg",
            "name_prefix": "",
            "owner_id": "438465145630",
            "revoke_rules_on_delete": false,
            "tags": {
              "Name": "xtts-training-sg"
            },
            "tags_all": {
              "Name": "xtts-training-sg"
            },
            "timeouts": null,
            "vpc_id": "vpc-0418c2ce46b103689"
          },
          "sensitive_attributes": [],
          "identity_schema_version": 0,
          "private": "eyJlMmJmYjczMC1lY2FhLTExZTYtOGY4OC0zNDM2M2JjN2M0YzAiOnsiY3JlYXRlIjo2MDAwMDAwMDAwMDAsImRlbGV0ZSI6OTAwMDAwMDAwMDAwfSwic2NoZW1hX3ZlcnNpb24iOiIxIn0=",
          "dependencies": [
            "data.aws_vpc.default",
            "data.http.my_ip"
          ]
        }
      ]
    }
  ],
  "check_results": null
}
